// !$*UTF8*$!
{
	archiveVersion = 1;
	classes = {
	};
	objectVersion = 77;
	objects = {

/* Begin PBXBuildFile section */
		EB19DD0C2F9A0E2500100FF6 /* AppDelegate.swift in Sources */ = {isa = PBXBuildFile; fileRef = EB19DD0B2F9A0E2500100FF6 /* AppDelegate.swift */; };
		EB19DD102F9A0E2500100FF6 /* Main.html in Resources */ = {isa = PBXBuildFile; fileRef = EB19DD0E2F9A0E2500100FF6 /* Main.html */; };
		EB19DD122F9A0E2500100FF6 /* Icon.png in Resources */ = {isa = PBXBuildFile; fileRef = EB19DD112F9A0E2500100FF6 /* Icon.png */; };
		EB19DD142F9A0E2500100FF6 /* Style.css in Resources */ = {isa = PBXBuildFile; fileRef = EB19DD132F9A0E2500100FF6 /* Style.css */; };
		EB19DD162F9A0E2500100FF6 /* Script.js in Resources */ = {isa = PBXBuildFile; fileRef = EB19DD152F9A0E2500100FF6 /* Script.js */; };
		EB19DD182F9A0E2500100FF6 /* ViewController.swift in Sources */ = {isa = PBXBuildFile; fileRef = EB19DD172F9A0E2500100FF6 /* ViewController.swift */; };
		EB19DD1B2F9A0E2500100FF6 /* Main.storyboard in Resources */ = {isa = PBXBuildFile; fileRef = EB19DD192F9A0E2500100FF6 /* Main.storyboard */; };
		EB19DD1D2F9A0E2900100FF6 /* Assets.xcassets in Resources */ = {isa = PBXBuildFile; fileRef = EB19DD1C2F9A0E2900100FF6 /* Assets.xcassets */; };
		EB19DD242F9A0E2900100FF6 /* Translator Extension.appex in Embed Foundation Extensions */ = {isa = PBXBuildFile; fileRef = EB19DD232F9A0E2900100FF6 /* Translator Extension.appex */; settings = {ATTRIBUTES = (RemoveHeadersOnCopy, ); }; };
		EB19DD292F9A0E2900100FF6 /* SafariWebExtensionHandler.swift in Sources */ = {isa = PBXBuildFile; fileRef = EB19DD282F9A0E2900100FF6 /* SafariWebExtensionHandler.swift */; };
		EB19DD412F9A0E2A00100FF6 /* popup.js in Resources */ = {isa = PBXBuildFile; fileRef = EB19DD352F9A0E2A00100FF6 /* popup.js */; };
		EB19DD422F9A0E2A00100FF6 /* content.css in Resources */ = {isa = PBXBuildFile; fileRef = EB19DD362F9A0E2A00100FF6 /* content.css */; };
		EB19DD432F9A0E2A00100FF6 /* background.js in Resources */ = {isa = PBXBuildFile; fileRef = EB19DD372F9A0E2A00100FF6 /* background.js */; };
		EB19DD442F9A0E2A00100FF6 /* popup.html in Resources */ = {isa = PBXBuildFile; fileRef = EB19DD382F9A0E2A00100FF6 /* popup.html */; };
		EB19DD452F9A0E2A00100FF6 /* options.js in Resources */ = {isa = PBXBuildFile; fileRef = EB19DD392F9A0E2A00100FF6 /* options.js */; };
		EB19DD462F9A0E2A00100FF6 /* viewer.js in Resources */ = {isa = PBXBuildFile; fileRef = EB19DD3A2F9A0E2A00100FF6 /* viewer.js */; };
		EB19DD472F9A0E2A00100FF6 /* chunks in Resources */ = {isa = PBXBuildFile; fileRef = EB19DD3B2F9A0E2A00100FF6 /* chunks */; };
		EB19DD482F9A0E2A00100FF6 /* viewer.html in Resources */ = {isa = PBXBuildFile; fileRef = EB19DD3C2F9A0E2A00100FF6 /* viewer.html */; };
		EB19DD492F9A0E2A00100FF6 /* manifest.json in Resources */ = {isa = PBXBuildFile; fileRef = EB19DD3D2F9A0E2A00100FF6 /* manifest.json */; };
		EB19DD4A2F9A0E2A00100FF6 /* options.html in Resources */ = {isa = PBXBuildFile; fileRef = EB19DD3E2F9A0E2A00100FF6 /* options.html */; };
		EB19DD4B2F9A0E2A00100FF6 /* content.js in Resources */ = {isa = PBXBuildFile; fileRef = EB19DD3F2F9A0E2A00100FF6 /* content.js */; };
		EB19DD4C2F9A0E2A00100FF6 /* assets in Resources */ = {isa = PBXBuildFile; fileRef = EB19DD402F9A0E2A00100FF6 /* assets */; };
/* End PBXBuildFile section */

/* Begin PBXContainerItemProxy section */
		EB19DD252F9A0E2900100FF6 /* PBXContainerItemProxy */ = {
			isa = PBXContainerItemProxy;
			containerPortal = EB19DD002F9A0E2500100FF6 /* Project object */;
			proxyType = 1;
			remoteGlobalIDString = EB19DD222F9A0E2900100FF6;
			remoteInfo = "Translator Extension";
		};
/* End PBXContainerItemProxy section */

/* Begin PBXCopyFilesBuildPhase section */
		EB19DD302F9A0E2900100FF6 /* Embed Foundation Extensions */ = {
			isa = PBXCopyFilesBuildPhase;
			buildActionMask = 2147483647;
			dstPath = "";
			dstSubfolderSpec = 13;
			files = (
				EB19DD242F9A0E2900100FF6 /* Translator Extension.appex in Embed Foundation Extensions */,
			);
			name = "Embed Foundation Extensions";
			runOnlyForDeploymentPostprocessing = 0;
		};
/* End PBXCopyFilesBuildPhase section */

/* Begin PBXFileReference section */
		EB19DD082F9A0E2500100FF6 /* Translator.app */ = {isa = PBXFileReference; explicitFileType = wrapper.application; includeInIndex = 0; path = Translator.app; sourceTree = BUILT_PRODUCTS_DIR; };
		EB19DD0B2F9A0E2500100FF6 /* AppDelegate.swift */ = {isa = PBXFileReference; lastKnownFileType = sourcecode.swift; path = AppDelegate.swift; sourceTree = "<group>"; };
		EB19DD0F2F9A0E2500100FF6 /* Base */ = {isa = PBXFileReference; lastKnownFileType = text.html; name = Base; path = Base.lproj/Main.html; sourceTree = "<group>"; };
		EB19DD112F9A0E2500100FF6 /* Icon.png */ = {isa = PBXFileReference; lastKnownFileType = image.png; path = Icon.png; sourceTree = "<group>"; };
		EB19DD132F9A0E2500100FF6 /* Style.css */ = {isa = PBXFileReference; lastKnownFileType = text.css; path = Style.css; sourceTree = "<group>"; };
		EB19DD152F9A0E2500100FF6 /* Script.js */ = {isa = PBXFileReference; lastKnownFileType = sourcecode.javascript; path = Script.js; sourceTree = "<group>"; };
		EB19DD172F9A0E2500100FF6 /* ViewController.swift */ = {isa = PBXFileReference; lastKnownFileType = sourcecode.swift; path = ViewController.swift; sourceTree = "<group>"; };
		EB19DD1A2F9A0E2500100FF6 /* Base */ = {isa = PBXFileReference; lastKnownFileType = file.storyboard; name = Base; path = Base.lproj/Main.storyboard; sourceTree = "<group>"; };
		EB19DD1C2F9A0E2900100FF6 /* Assets.xcassets */ = {isa = PBXFileReference; lastKnownFileType = folder.assetcatalog; path = Assets.xcassets; sourceTree = "<group>"; };
		EB19DD1E2F9A0E2900100FF6 /* Info.plist */ = {isa = PBXFileReference; lastKnownFileType = text.plist.xml; path = Info.plist; sourceTree = "<group>"; };
		EB19DD232F9A0E2900100FF6 /* Translator Extension.appex */ = {isa = PBXFileReference; explicitFileType = "wrapper.app-extension"; includeInIndex = 0; path = "Translator Extension.appex"; sourceTree = BUILT_PRODUCTS_DIR; };
		EB19DD282F9A0E2900100FF6 /* SafariWebExtensionHandler.swift */ = {isa = PBXFileReference; lastKnownFileType = sourcecode.swift; path = SafariWebExtensionHandler.swift; sourceTree = "<group>"; };
		EB19DD2A2F9A0E2900100FF6 /* Info.plist */ = {isa = PBXFileReference; lastKnownFileType = text.plist.xml; path = Info.plist; sourceTree = "<group>"; };
		EB19DD352F9A0E2A00100FF6 /* popup.js */ = {isa = PBXFileReference; lastKnownFileType = sourcecode.javascript; name = popup.js; path = Resources/popup.js; sourceTree = "<group>"; };
		EB19DD362F9A0E2A00100FF6 /* content.css */ = {isa = PBXFileReference; lastKnownFileType = text.css; name = content.css; path = Resources/content.css; sourceTree = "<group>"; };
		EB19DD372F9A0E2A00100FF6 /* background.js */ = {isa = PBXFileReference; lastKnownFileType = sourcecode.javascript; name = background.js; path = Resources/background.js; sourceTree = "<group>"; };
		EB19DD382F9A0E2A00100FF6 /* popup.html */ = {isa = PBXFileReference; lastKnownFileType = text.html; name = popup.html; path = Resources/popup.html; sourceTree = "<group>"; };
		EB19DD392F9A0E2A00100FF6 /* options.js */ = {isa = PBXFileReference; lastKnownFileType = sourcecode.javascript; name = options.js; path = Resources/options.js; sourceTree = "<group>"; };
		EB19DD3A2F9A0E2A00100FF6 /* viewer.js */ = {isa = PBXFileReference; lastKnownFileType = sourcecode.javascript; name = viewer.js; path = Resources/viewer.js; sourceTree = "<group>"; };
		EB19DD3B2F9A0E2A00100FF6 /* chunks */ = {isa = PBXFileReference; lastKnownFileType = folder; name = chunks; path = Resources/chunks; sourceTree = "<group>"; };
		EB19DD3C2F9A0E2A00100FF6 /* viewer.html */ = {isa = PBXFileReference; lastKnownFileType = text.html; name = viewer.html; path = Resources/viewer.html; sourceTree = "<group>"; };
		EB19DD3D2F9A0E2A00100FF6 /* manifest.json */ = {isa = PBXFileReference; lastKnownFileType = text.json; name = manifest.json; path = Resources/manifest.json; sourceTree = "<group>"; };
		EB19DD3E2F9A0E2A00100FF6 /* options.html */ = {isa = PBXFileReference; lastKnownFileType = text.html; name = options.html; path = Resources/options.html; sourceTree = "<group>"; };
		EB19DD3F2F9A0E2A00100FF6 /* content.js */ = {isa = PBXFileReference; lastKnownFileType = sourcecode.javascript; name = content.js; path = Resources/content.js; sourceTree = "<group>"; };
		EB19DD402F9A0E2A00100FF6 /* assets */ = {isa = PBXFileReference; lastKnownFileType = folder; name = assets; path = Resources/assets; sourceTree = "<group>"; };
/* End PBXFileReference section */

/* Begin PBXFrameworksBuildPhase section */
		EB19DD052F9A0E2500100FF6 /* Frameworks */ = {
			isa = PBXFrameworksBuildPhase;
			buildActionMask = 2147483647;
			files = (
			);
			runOnlyForDeploymentPostprocessing = 0;
		};
		EB19DD202F9A0E2900100FF6 /* Frameworks */ = {
			isa = PBXFrameworksBuildPhase;
			buildActionMask = 2147483647;
			files = (
			);
			runOnlyForDeploymentPostprocessing = 0;
		};
/* End PBXFrameworksBuildPhase section */

/* Begin PBXGroup section */
		EB19DCFF2F9A0E2500100FF6 = {
			isa = PBXGroup;
			children = (
				EB19DD0A2F9A0E2500100FF6 /* Translator */,
				EB19DD272F9A0E2900100FF6 /* Translator Extension */,
				EB19DD092F9A0E2500100FF6 /* Products */,
			);
			sourceTree = "<group>";
		};
		EB19DD092F9A0E2500100FF6 /* Products */ = {
			isa = PBXGroup;
			children = (
				EB19DD082F9A0E2500100FF6 /* Translator.app */,
				EB19DD232F9A0E2900100FF6 /* Translator Extension.appex */,
			);
			name = Products;
			sourceTree = "<group>";
		};
		EB19DD0A2F9A0E2500100FF6 /* Translator */ = {
			isa = PBXGroup;
			children = (
				EB19DD0B2F9A0E2500100FF6 /* AppDelegate.swift */,
				EB19DD172F9A0E2500100FF6 /* ViewController.swift */,
				EB19DD192F9A0E2500100FF6 /* Main.storyboard */,
				EB19DD1C2F9A0E2900100FF6 /* Assets.xcassets */,
				EB19DD1E2F9A0E2900100FF6 /* Info.plist */,
				EB19DD0D2F9A0E2500100FF6 /* Resources */,
			);
			path = Translator;
			sourceTree = "<group>";
		};
		EB19DD0D2F9A0E2500100FF6 /* Resources */ = {
			isa = PBXGroup;
			children = (
				EB19DD0E2F9A0E2500100FF6 /* Main.html */,
				EB19DD112F9A0E2500100FF6 /* Icon.png */,
				EB19DD132F9A0E2500100FF6 /* Style.css */,
				EB19DD152F9A0E2500100FF6 /* Script.js */,
			);
			path = Resources;
			sourceTree = "<group>";
		};
		EB19DD272F9A0E2900100FF6 /* Translator Extension */ = {
			isa = PBXGroup;
			children = (
				EB19DD342F9A0E2A00100FF6 /* Resources */,
				EB19DD282F9A0E2900100FF6 /* SafariWebExtensionHandler.swift */,
				EB19DD2A2F9A0E2900100FF6 /* Info.plist */,
			);
			path = "Translator Extension";
			sourceTree = "<group>";
		};
		EB19DD342F9A0E2A00100FF6 /* Resources */ = {
			isa = PBXGroup;
			children = (
				EB19DD352F9A0E2A00100FF6 /* popup.js */,
				EB19DD362F9A0E2A00100FF6 /* content.css */,
				EB19DD372F9A0E2A00100FF6 /* background.js */,
				EB19DD382F9A0E2A00100FF6 /* popup.html */,
				EB19DD392F9A0E2A00100FF6 /* options.js */,
				EB19DD3A2F9A0E2A00100FF6 /* viewer.js */,
				EB19DD3B2F9A0E2A00100FF6 /* chunks */,
				EB19DD3C2F9A0E2A00100FF6 /* viewer.html */,
				EB19DD3D2F9A0E2A00100FF6 /* manifest.json */,
				EB19DD3E2F9A0E2A00100FF6 /* options.html */,
				EB19DD3F2F9A0E2A00100FF6 /* content.js */,
				EB19DD402F9A0E2A00100FF6 /* assets */,
			);
			name = Resources;
			path = "Translator Extension";
			sourceTree = SOURCE_ROOT;
		};
/* End PBXGroup section */

/* Begin PBXNativeTarget section */
		EB19DD072F9A0E2500100FF6 /* Translator */ = {
			isa = PBXNativeTarget;
			buildConfigurationList = EB19DD312F9A0E2900100FF6 /* Build configuration list for PBXNativeTarget "Translator" */;
			buildPhases = (
				EB19DD042F9A0E2500100FF6 /* Sources */,
				EB19DD052F9A0E2500100FF6 /* Frameworks */,
				EB19DD062F9A0E2500100FF6 /* Resources */,
				EB19DD302F9A0E2900100FF6 /* Embed Foundation Extensions */,
			);
			buildRules = (
			);
			dependencies = (
				EB19DD262F9A0E2900100FF6 /* PBXTargetDependency */,
			);
			name = Translator;
			packageProductDependencies = (
			);
			productName = Translator;
			productReference = EB19DD082F9A0E2500100FF6 /* Translator.app */;
			productType = "com.apple.product-type.application";
		};
		EB19DD222F9A0E2900100FF6 /* Translator Extension */ = {
			isa = PBXNativeTarget;
			buildConfigurationList = EB19DD2D2F9A0E2900100FF6 /* Build configuration list for PBXNativeTarget "Translator Extension" */;
			buildPhases = (
				EB19DD1F2F9A0E2900100FF6 /* Sources */,
				EB19DD202F9A0E2900100FF6 /* Frameworks */,
				EB19DD212F9A0E2900100FF6 /* Resources */,
			);
			buildRules = (
			);
			dependencies = (
			);
			name = "Translator Extension";
			packageProductDependencies = (
			);
			productName = "Translator Extension";
			productReference = EB19DD232F9A0E2900100FF6 /* Translator Extension.appex */;
			productType = "com.apple.product-type.app-extension";
		};
/* End PBXNativeTarget section */

/* Begin PBXProject section */
		EB19DD002F9A0E2500100FF6 /* Project object */ = {
			isa = PBXProject;
			attributes = {
				BuildIndependentTargetsInParallel = 1;
				LastSwiftUpdateCheck = 2630;
				LastUpgradeCheck = 2630;
				TargetAttributes = {
					EB19DD072F9A0E2500100FF6 = {
						CreatedOnToolsVersion = 26.3;
					};
					EB19DD222F9A0E2900100FF6 = {
						CreatedOnToolsVersion = 26.3;
					};
				};
			};
			buildConfigurationList = EB19DD032F9A0E2500100FF6 /* Build configuration list for PBXProject "Translator" */;
			developmentRegion = en;
			hasScannedForEncodings = 0;
			knownRegions = (
				en,
				Base,
			);
			mainGroup = EB19DCFF2F9A0E2500100FF6;
			minimizedProjectReferenceProxies = 1;
			preferredProjectObjectVersion = 77;
			productRefGroup = EB19DD092F9A0E2500100FF6 /* Products */;
			projectDirPath = "";
			projectRoot = "";
			targets = (
				EB19DD072F9A0E2500100FF6 /* Translator */,
				EB19DD222F9A0E2900100FF6 /* Translator Extension */,
			);
		};
/* End PBXProject section */

/* Begin PBXResourcesBuildPhase section */
		EB19DD062F9A0E2500100FF6 /* Resources */ = {
			isa = PBXResourcesBuildPhase;
			buildActionMask = 2147483647;
			files = (
				EB19DD122F9A0E2500100FF6 /* Icon.png in Resources */,
				EB19DD1B2F9A0E2500100FF6 /* Main.storyboard in Resources */,
				EB19DD162F9A0E2500100FF6 /* Script.js in Resources */,
				EB19DD102F9A0E2500100FF6 /* Main.html in Resources */,
				EB19DD1D2F9A0E2900100FF6 /* Assets.xcassets in Resources */,
				EB19DD142F9A0E2500100FF6 /* Style.css in Resources */,
			);
			runOnlyForDeploymentPostprocessing = 0;
		};
		EB19DD212F9A0E2900100FF6 /* Resources */ = {
			isa = PBXResourcesBuildPhase;
			buildActionMask = 2147483647;
			files = (
				EB19DD482F9A0E2A00100FF6 /* viewer.html in Resources */,
				EB19DD4B2F9A0E2A00100FF6 /* content.js in Resources */,
				EB19DD412F9A0E2A00100FF6 /* popup.js in Resources */,
				EB19DD442F9A0E2A00100FF6 /* popup.html in Resources */,
				EB19DD432F9A0E2A00100FF6 /* background.js in Resources */,
				EB19DD492F9A0E2A00100FF6 /* manifest.json in Resources */,
				EB19DD422F9A0E2A00100FF6 /* content.css in Resources */,
				EB19DD472F9A0E2A00100FF6 /* chunks in Resources */,
				EB19DD4A2F9A0E2A00100FF6 /* options.html in Resources */,
				EB19DD4C2F9A0E2A00100FF6 /* assets in Resources */,
				EB19DD462F9A0E2A00100FF6 /* viewer.js in Resources */,
				EB19DD452F9A0E2A00100FF6 /* options.js in Resources */,
			);
			runOnlyForDeploymentPostprocessing = 0;
		};
/* End PBXResourcesBuildPhase section */

/* Begin PBXSourcesBuildPhase section */
		EB19DD042F9A0E2500100FF6 /* Sources */ = {
			isa = PBXSourcesBuildPhase;
			buildActionMask = 2147483647;
			files = (
				EB19DD182F9A0E2500100FF6 /* ViewController.swift in Sources */,
				EB19DD0C2F9A0E2500100FF6 /* AppDelegate.swift in Sources */,
			);
			runOnlyForDeploymentPostprocessing = 0;
		};
		EB19DD1F2F9A0E2900100FF6 /* Sources */ = {
			isa = PBXSourcesBuildPhase;
			buildActionMask = 2147483647;
			files = (
				EB19DD292F9A0E2900100FF6 /* SafariWebExtensionHandler.swift in Sources */,
			);
			runOnlyForDeploymentPostprocessing = 0;
		};
/* End PBXSourcesBuildPhase section */

/* Begin PBXTargetDependency section */
		EB19DD262F9A0E2900100FF6 /* PBXTargetDependency */ = {
			isa = PBXTargetDependency;
			target = EB19DD222F9A0E2900100FF6 /* Translator Extension */;
			targetProxy = EB19DD252F9A0E2900100FF6 /* PBXContainerItemProxy */;
		};
/* End PBXTargetDependency section */

/* Begin PBXVariantGroup section */
		EB19DD0E2F9A0E2500100FF6 /* Main.html */ = {
			isa = PBXVariantGroup;
			children = (
				EB19DD0F2F9A0E2500100FF6 /* Base */,
			);
			name = Main.html;
			sourceTree = "<group>";
		};
		EB19DD192F9A0E2500100FF6 /* Main.storyboard */ = {
			isa = PBXVariantGroup;
			children = (
				EB19DD1A2F9A0E2500100FF6 /* Base */,
			);
			name = Main.storyboard;
			sourceTree = "<group>";
		};
/* End PBXVariantGroup section */

/* Begin XCBuildConfiguration section */
		EB19DD2B2F9A0E2900100FF6 /* Debug */ = {
			isa = XCBuildConfiguration;
			buildSettings = {
				ALWAYS_SEARCH_USER_PATHS = NO;
				ASSETCATALOG_COMPILER_GENERATE_SWIFT_ASSET_SYMBOL_EXTENSIONS = YES;
				CLANG_ANALYZER_NONNULL = YES;
				CLANG_ANALYZER_NUMBER_OBJECT_CONVERSION = YES_AGGRESSIVE;
				CLANG_CXX_LANGUAGE_STANDARD = "gnu++20";
				CLANG_ENABLE_MODULES = YES;
				CLANG_ENABLE_OBJC_ARC = YES;
				CLANG_ENABLE_OBJC_WEAK = YES;
				CLANG_WARN_BLOCK_CAPTURE_AUTORELEASING = YES;
				CLANG_WARN_BOOL_CONVERSION = YES;
				CLANG_WARN_COMMA = YES;
				CLANG_WARN_CONSTANT_CONVERSION = YES;
				CLANG_WARN_DEPRECATED_OBJC_IMPLEMENTATIONS = YES;
				CLANG_WARN_DIRECT_OBJC_ISA_USAGE = YES_ERROR;
				CLANG_WARN_DOCUMENTATION_COMMENTS = YES;
				CLANG_WARN_EMPTY_BODY = YES;
				CLANG_WARN_ENUM_CONVERSION = YES;
				CLANG_WARN_INFINITE_RECURSION = YES;
				CLANG_WARN_INT_CONVERSION = YES;
				CLANG_WARN_NON_LITERAL_NULL_CONVERSION = YES;
				CLANG_WARN_OBJC_IMPLICIT_RETAIN_SELF = YES;
				CLANG_WARN_OBJC_LITERAL_CONVERSION = YES;
				CLANG_WARN_OBJC_ROOT_CLASS = YES_ERROR;
				CLANG_WARN_QUOTED_INCLUDE_IN_FRAMEWORK_HEADER = YES;
				CLANG_WARN_RANGE_LOOP_ANALYSIS = YES;
				CLANG_WARN_STRICT_PROTOTYPES = YES;
				CLANG_WARN_SUSPICIOUS_MOVE = YES;
				CLANG_WARN_UNGUARDED_AVAILABILITY = YES_AGGRESSIVE;
				CLANG_WARN_UNREACHABLE_CODE = YES;
				CLANG_WARN__DUPLICATE_METHOD_MATCH = YES;
				COPY_PHASE_STRIP = NO;
				DEBUG_INFORMATION_FORMAT = dwarf;
				ENABLE_STRICT_OBJC_MSGSEND = YES;
				ENABLE_TESTABILITY = YES;
				ENABLE_USER_SCRIPT_SANDBOXING = YES;
				GCC_C_LANGUAGE_STANDARD = gnu17;
				GCC_DYNAMIC_NO_PIC = NO;
				GCC_NO_COMMON_BLOCKS = YES;
				GCC_OPTIMIZATION_LEVEL = 0;
				GCC_PREPROCESSOR_DEFINITIONS = (
					"DEBUG=1",
					"$(inherited)",
				);
				GCC_WARN_64_TO_32_BIT_CONVERSION = YES;
				GCC_WARN_ABOUT_RETURN_TYPE = YES_ERROR;
				GCC_WARN_UNDECLARED_SELECTOR = YES;
				GCC_WARN_UNINITIALIZED_AUTOS = YES_AGGRESSIVE;
				GCC_WARN_UNUSED_FUNCTION = YES;
				GCC_WARN_UNUSED_VARIABLE = YES;
				LOCALIZATION_PREFERS_STRING_CATALOGS = YES;
				MACOSX_DEPLOYMENT_TARGET = 26.0;
				MTL_ENABLE_DEBUG_INFO = INCLUDE_SOURCE;
				MTL_FAST_MATH = YES;
				ONLY_ACTIVE_ARCH = YES;
				SDKROOT = macosx;
				SWIFT_ACTIVE_COMPILATION_CONDITIONS = "DEBUG $(inherited)";
				SWIFT_OPTIMIZATION_LEVEL = "-Onone";
			};
			name = Debug;
		};
		EB19DD2C2F9A0E2900100FF6 /* Release */ = {
			isa = XCBuildConfiguration;
			buildSettings = {
				ALWAYS_SEARCH_USER_PATHS = NO;
				ASSETCATALOG_COMPILER_GENERATE_SWIFT_ASSET_SYMBOL_EXTENSIONS = YES;
				CLANG_ANALYZER_NONNULL = YES;
				CLANG_ANALYZER_NUMBER_OBJECT_CONVERSION = YES_AGGRESSIVE;
				CLANG_CXX_LANGUAGE_STANDARD = "gnu++20";
				CLANG_ENABLE_MODULES = YES;
				CLANG_ENABLE_OBJC_ARC = YES;
				CLANG_ENABLE_OBJC_WEAK = YES;
				CLANG_WARN_BLOCK_CAPTURE_AUTORELEASING = YES;
				CLANG_WARN_BOOL_CONVERSION = YES;
				CLANG_WARN_COMMA = YES;
				CLANG_WARN_CONSTANT_CONVERSION = YES;
				CLANG_WARN_DEPRECATED_OBJC_IMPLEMENTATIONS = YES;
				CLANG_WARN_DIRECT_OBJC_ISA_USAGE = YES_ERROR;
				CLANG_WARN_DOCUMENTATION_COMMENTS = YES;
				CLANG_WARN_EMPTY_BODY = YES;
				CLANG_WARN_ENUM_CONVERSION = YES;
				CLANG_WARN_INFINITE_RECURSION = YES;
				CLANG_WARN_INT_CONVERSION = YES;
				CLANG_WARN_NON_LITERAL_NULL_CONVERSION = YES;
				CLANG_WARN_OBJC_IMPLICIT_RETAIN_SELF = YES;
				CLANG_WARN_OBJC_LITERAL_CONVERSION = YES;
				CLANG_WARN_OBJC_ROOT_CLASS = YES_ERROR;
				CLANG_WARN_QUOTED_INCLUDE_IN_FRAMEWORK_HEADER = YES;
				CLANG_WARN_RANGE_LOOP_ANALYSIS = YES;
				CLANG_WARN_STRICT_PROTOTYPES = YES;
				CLANG_WARN_SUSPICIOUS_MOVE = YES;
				CLANG_WARN_UNGUARDED_AVAILABILITY = YES_AGGRESSIVE;
				CLANG_WARN_UNREACHABLE_CODE = YES;
				CLANG_WARN__DUPLICATE_METHOD_MATCH = YES;
				COPY_PHASE_STRIP = NO;
				DEBUG_INFORMATION_FORMAT = "dwarf-with-dsym";
				ENABLE_NS_ASSERTIONS = NO;
				ENABLE_STRICT_OBJC_MSGSEND = YES;
				ENABLE_USER_SCRIPT_SANDBOXING = YES;
				GCC_C_LANGUAGE_STANDARD = gnu17;
				GCC_NO_COMMON_BLOCKS = YES;
				GCC_WARN_64_TO_32_BIT_CONVERSION = YES;
				GCC_WARN_ABOUT_RETURN_TYPE = YES_ERROR;
				GCC_WARN_UNDECLARED_SELECTOR = YES;
				GCC_WARN_UNINITIALIZED_AUTOS = YES_AGGRESSIVE;
				GCC_WARN_UNUSED_FUNCTION = YES;
				GCC_WARN_UNUSED_VARIABLE = YES;
				LOCALIZATION_PREFERS_STRING_CATALOGS = YES;
				MACOSX_DEPLOYMENT_TARGET = 26.0;
				MTL_ENABLE_DEBUG_INFO = NO;
				MTL_FAST_MATH = YES;
				SDKROOT = macosx;
				SWIFT_COMPILATION_MODE = wholemodule;
			};
			name = Release;
		};
		EB19DD2E2F9A0E2900100FF6 /* Debug */ = {
			isa = XCBuildConfiguration;
			buildSettings = {
				CODE_SIGN_STYLE = Automatic;
				CURRENT_PROJECT_VERSION = 1;
				ENABLE_APP_SANDBOX = YES;
				ENABLE_HARDENED_RUNTIME = YES;
				ENABLE_USER_SELECTED_FILES = readonly;
				GENERATE_INFOPLIST_FILE = YES;
				INFOPLIST_FILE = "Translator Extension/Info.plist";
				INFOPLIST_KEY_CFBundleDisplayName = "Translator Extension";
				INFOPLIST_KEY_NSHumanReadableCopyright = "";
				LD_RUNPATH_SEARCH_PATHS = (
					"$(inherited)",
					"@executable_path/../Frameworks",
					"@executable_path/../../../../Frameworks",
				);
				MACOSX_DEPLOYMENT_TARGET = 10.14;
				MARKETING_VERSION = 1.0;
				OTHER_LDFLAGS = (
					"-framework",
					SafariServices,
				);
				PRODUCT_BUNDLE_IDENTIFIER = com.peijiew.translator.Extension;
				PRODUCT_NAME = "$(TARGET_NAME)";
				SKIP_INSTALL = YES;
				STRING_CATALOG_GENERATE_SYMBOLS = YES;
				SWIFT_APPROACHABLE_CONCURRENCY = YES;
				SWIFT_EMIT_LOC_STRINGS = YES;
				SWIFT_UPCOMING_FEATURE_MEMBER_IMPORT_VISIBILITY = YES;
				SWIFT_VERSION = 5.0;
			};
			name = Debug;
		};
		EB19DD2F2F9A0E2900100FF6 /* Release */ = {
			isa = XCBuildConfiguration;
			buildSettings = {
				CODE_SIGN_STYLE = Automatic;
				CURRENT_PROJECT_VERSION = 1;
				ENABLE_APP_SANDBOX = YES;
				ENABLE_HARDENED_RUNTIME = YES;
				ENABLE_USER_SELECTED_FILES = readonly;
				GENERATE_INFOPLIST_FILE = YES;
				INFOPLIST_FILE = "Translator Extension/Info.plist";
				INFOPLIST_KEY_CFBundleDisplayName = "Translator Extension";
				INFOPLIST_KEY_NSHumanReadableCopyright = "";
				LD_RUNPATH_SEARCH_PATHS = (
					"$(inherited)",
					"@executable_path/../Frameworks",
					"@executable_path/../../../../Frameworks",
				);
				MACOSX_DEPLOYMENT_TARGET = 10.14;
				MARKETING_VERSION = 1.0;
				OTHER_LDFLAGS = (
					"-framework",
					SafariServices,
				);
				PRODUCT_BUNDLE_IDENTIFIER = com.peijiew.translator.Extension;
				PRODUCT_NAME = "$(TARGET_NAME)";
				SKIP_INSTALL = YES;
				STRING_CATALOG_GENERATE_SYMBOLS = YES;
				SWIFT_APPROACHABLE_CONCURRENCY = YES;
				SWIFT_EMIT_LOC_STRINGS = YES;
				SWIFT_UPCOMING_FEATURE_MEMBER_IMPORT_VISIBILITY = YES;
				SWIFT_VERSION = 5.0;
			};
			name = Release;
		};
		EB19DD322F9A0E2900100FF6 /* Debug */ = {
			isa = XCBuildConfiguration;
			buildSettings = {
				ASSETCATALOG_COMPILER_APPICON_NAME = AppIcon;
				ASSETCATALOG_COMPILER_GLOBAL_ACCENT_COLOR_NAME = AccentColor;
				CODE_SIGN_STYLE = Automatic;
				COMBINE_HIDPI_IMAGES = YES;
				CURRENT_PROJECT_VERSION = 1;
				ENABLE_APP_SANDBOX = YES;
				ENABLE_HARDENED_RUNTIME = YES;
				ENABLE_OUTGOING_NETWORK_CONNECTIONS = YES;
				ENABLE_USER_SELECTED_FILES = readonly;
				GENERATE_INFOPLIST_FILE = YES;
				INFOPLIST_FILE = Translator/Info.plist;
				INFOPLIST_KEY_CFBundleDisplayName = Translator;
				INFOPLIST_KEY_NSHumanReadableCopyright = "";
				INFOPLIST_KEY_NSMainStoryboardFile = Main;
				INFOPLIST_KEY_NSPrincipalClass = NSApplication;
				LD_RUNPATH_SEARCH_PATHS = (
					"$(inherited)",
					"@executable_path/../Frameworks",
				);
				MARKETING_VERSION = 1.0;
				OTHER_LDFLAGS = (
					"-framework",
					SafariServices,
					"-framework",
					WebKit,
				);
				PRODUCT_BUNDLE_IDENTIFIER = com.peijiew.translator;
				PRODUCT_NAME = "$(TARGET_NAME)";
				REGISTER_APP_GROUPS = YES;
				STRING_CATALOG_GENERATE_SYMBOLS = YES;
				SWIFT_APPROACHABLE_CONCURRENCY = YES;
				SWIFT_DEFAULT_ACTOR_ISOLATION = MainActor;
				SWIFT_EMIT_LOC_STRINGS = YES;
				SWIFT_UPCOMING_FEATURE_MEMBER_IMPORT_VISIBILITY = YES;
				SWIFT_VERSION = 5.0;
			};
			name = Debug;
		};
		EB19DD332F9A0E2900100FF6 /* Release */ = {
			isa = XCBuildConfiguration;
			buildSettings = {
				ASSETCATALOG_COMPILER_APPICON_NAME = AppIcon;
				ASSETCATALOG_COMPILER_GLOBAL_ACCENT_COLOR_NAME = AccentColor;
				CODE_SIGN_STYLE = Automatic;
				COMBINE_HIDPI_IMAGES = YES;
				CURRENT_PROJECT_VERSION = 1;
				ENABLE_APP_SANDBOX = YES;
				ENABLE_HARDENED_RUNTIME = YES;
				ENABLE_OUTGOING_NETWORK_CONNECTIONS = YES;
				ENABLE_USER_SELECTED_FILES = readonly;
				GENERATE_INFOPLIST_FILE = YES;
				INFOPLIST_FILE = Translator/Info.plist;
				INFOPLIST_KEY_CFBundleDisplayName = Translator;
				INFOPLIST_KEY_NSHumanReadableCopyright = "";
				INFOPLIST_KEY_NSMainStoryboardFile = Main;
				INFOPLIST_KEY_NSPrincipalClass = NSApplication;
				LD_RUNPATH_SEARCH_PATHS = (
					"$(inherited)",
					"@executable_path/../Frameworks",
				);
				MARKETING_VERSION = 1.0;
				OTHER_LDFLAGS = (
					"-framework",
					SafariServices,
					"-framework",
					WebKit,
				);
				PRODUCT_BUNDLE_IDENTIFIER = com.peijiew.translator;
				PRODUCT_NAME = "$(TARGET_NAME)";
				REGISTER_APP_GROUPS = YES;
				STRING_CATALOG_GENERATE_SYMBOLS = YES;
				SWIFT_APPROACHABLE_CONCURRENCY = YES;
				SWIFT_DEFAULT_ACTOR_ISOLATION = MainActor;
				SWIFT_EMIT_LOC_STRINGS = YES;
				SWIFT_UPCOMING_FEATURE_MEMBER_IMPORT_VISIBILITY = YES;
				SWIFT_VERSION = 5.0;
			};
			name = Release;
		};
/* End XCBuildConfiguration section */

/* Begin XCConfigurationList section */
		EB19DD032F9A0E2500100FF6 /* Build configuration list for PBXProject "Translator" */ = {
			isa = XCConfigurationList;
			buildConfigurations = (
				EB19DD2B2F9A0E2900100FF6 /* Debug */,
				EB19DD2C2F9A0E2900100FF6 /* Release */,
			);
			defaultConfigurationIsVisible = 0;
			defaultConfigurationName = Release;
		};
		EB19DD2D2F9A0E2900100FF6 /* Build configuration list for PBXNativeTarget "Translator Extension" */ = {
			isa = XCConfigurationList;
			buildConfigurations = (
				EB19DD2E2F9A0E2900100FF6 /* Debug */,
				EB19DD2F2F9A0E2900100FF6 /* Release */,
			);
			defaultConfigurationIsVisible = 0;
			defaultConfigurationName = Release;
		};
		EB19DD312F9A0E2900100FF6 /* Build configuration list for PBXNativeTarget "Translator" */ = {
			isa = XCConfigurationList;
			buildConfigurations = (
				EB19DD322F9A0E2900100FF6 /* Debug */,
				EB19DD332F9A0E2900100FF6 /* Release */,
			);
			defaultConfigurationIsVisible = 0;
			defaultConfigurationName = Release;
		};
/* End XCConfigurationList section */
	};
	rootObject = EB19DD002F9A0E2500100FF6 /* Project object */;
}
